
Microsoft Visual Studio Solution File, Format Version 12.00
# Visual Studio Version 17
VisualStudioVersion = 17.8.34330.188
MinimumVisualStudioVersion = 10.0.40219.1
Project("{FAE04EC0-301F-11D3-BF4B-00C04F79EFBC}") = "HuntingTheManticore", "HuntingTheManticore.csproj", "{9ADCF706-19FF-4643-872B-882E1154E9DC}"
EndProject
Global
	GlobalSection(SolutionConfigurationPlatforms) = preSolution
		Debug|Any CPU = Debug|Any CPU
		Release|Any CPU = Release|Any CPU
	EndGlobalSection
	GlobalSection(ProjectConfigurationPlatforms) = postSolution
		{9ADCF706-19FF-4643-872B-882E1154E9DC}.Debug|Any CPU.ActiveCfg = Debug|Any CPU
		{9ADCF706-19FF-4643-872B-882E1154E9DC}.Debug|Any CPU.Build.0 = Debug|Any CPU
		{9ADCF706-19FF-4643-872B-882E1154E9DC}.Release|Any CPU.ActiveCfg = Release|Any CPU
		{9ADCF706-19FF-4643-872B-882E1154E9DC}.Release|Any CPU.Build.0 = Release|Any CPU
	EndGlobalSection
	GlobalSection(SolutionProperties) = preSolution
		HideSolutionNode = FALSE
	EndGlobalSection
	GlobalSection(ExtensibilityGlobals) = postSolution
		SolutionGuid = {2288E906-B741-4E01-9939-399637F6E823}
	EndGlobalSection
EndGlobal
